
Microsoft Visual Studio Solution File, Format Version 12.00
# Visual Studio Version 17
VisualStudioVersion = 17.1.32210.238
MinimumVisualStudioVersion = 10.0.40219.1
Project("{FAE04EC0-301F-11D3-BF4B-00C04F79EFBC}") = "MvcCreditApp1", "MvcCreditApp1\MvcCreditApp1.csproj", "{16779A5C-6195-4EA6-9056-B43F3FD0E40E}"
EndProject
Global
	GlobalSection(SolutionConfigurationPlatforms) = preSolution
		Debug|Any CPU = Debug|Any CPU
		Release|Any CPU = Release|Any CPU
	EndGlobalSection
	GlobalSection(ProjectConfigurationPlatforms) = postSolution
		{16779A5C-6195-4EA6-9056-B43F3FD0E40E}.Debug|Any CPU.ActiveCfg = Debug|Any CPU
		{16779A5C-6195-4EA6-9056-B43F3FD0E40E}.Debug|Any CPU.Build.0 = Debug|Any CPU
		{16779A5C-6195-4EA6-9056-B43F3FD0E40E}.Release|Any CPU.ActiveCfg = Release|Any CPU
		{16779A5C-6195-4EA6-9056-B43F3FD0E40E}.Release|Any CPU.Build.0 = Release|Any CPU
	EndGlobalSection
	GlobalSection(SolutionProperties) = preSolution
		HideSolutionNode = FALSE
	EndGlobalSection
	GlobalSection(ExtensibilityGlobals) = postSolution
		SolutionGuid = {7AE39D72-72EB-470A-BEE7-FF61C2011E87}
	EndGlobalSection
EndGlobal
